
Microsoft Visual Studio Solution File, Format Version 12.00
# Visual Studio Version 17
VisualStudioVersion = 17.8.34322.80
MinimumVisualStudioVersion = 10.0.40219.1
Project("{FAE04EC0-301F-11D3-BF4B-00C04F79EFBC}") = "StreamOverlaysV2", "StreamOverlaysV2.csproj", "{00E4268B-3B86-4AB7-8B5C-101FD9F7F8A7}"
EndProject
Global
	GlobalSection(SolutionConfigurationPlatforms) = preSolution
		Debug|Any CPU = Debug|Any CPU
		Release|Any CPU = Release|Any CPU
	EndGlobalSection
	GlobalSection(ProjectConfigurationPlatforms) = postSolution
		{00E4268B-3B86-4AB7-8B5C-101FD9F7F8A7}.Debug|Any CPU.ActiveCfg = Debug|Any CPU
		{00E4268B-3B86-4AB7-8B5C-101FD9F7F8A7}.Debug|Any CPU.Build.0 = Debug|Any CPU
		{00E4268B-3B86-4AB7-8B5C-101FD9F7F8A7}.Release|Any CPU.ActiveCfg = Release|Any CPU
		{00E4268B-3B86-4AB7-8B5C-101FD9F7F8A7}.Release|Any CPU.Build.0 = Release|Any CPU
	EndGlobalSection
	GlobalSection(SolutionProperties) = preSolution
		HideSolutionNode = FALSE
	EndGlobalSection
	GlobalSection(ExtensibilityGlobals) = postSolution
		SolutionGuid = {5284EB0B-01EF-40FE-90EF-3C5EC371AFCD}
	EndGlobalSection
EndGlobal
